
Microsoft Visual Studio Solution File, Format Version 12.00
# Visual Studio 14
VisualStudioVersion = 14.0.25123.0
MinimumVisualStudioVersion = 10.0.40219.1
Project("{FAE04EC0-301F-11D3-BF4B-00C04F79EFBC}") = "Ambilight", "Ambilight\Ambilight.csproj", "{2B565436-6347-4520-A72C-0E434A70ADE7}"
EndProject
Project("{6141683F-8A12-4E36-9623-2EB02B2C2303}") = "AmbientLightSetup", "AmbientLightSetup\AmbientLightSetup.isproj", "{C944C9EF-39DF-4B6C-BBEA-CAE5B9B5DFAD}"
	ProjectSection(ProjectDependencies) = postProject
		{2B565436-6347-4520-A72C-0E434A70ADE7} = {2B565436-6347-4520-A72C-0E434A70ADE7}
	EndProjectSection
EndProject
Project("{FAE04EC0-301F-11D3-BF4B-00C04F79EFBC}") = "MultiMonitorHelper", "..\MultiMonitorHelper-master\MultiMonitorHelper\MultiMonitorHelper.csproj", "{8BC32EA5-B325-47D0-94E7-FD60110393C8}"
EndProject
Project("{FAE04EC0-301F-11D3-BF4B-00C04F79EFBC}") = "CCDWrapper", "..\CCDWrapper-master\CCDWrapper\CCDWrapper.csproj", "{08C37441-F971-4277-901C-315C7D8E4464}"
EndProject
Project("{54435603-DBB4-11D2-8724-00A0C9A8B90C}") = "Setup2", "Setup2\Setup2.vdproj", "{28C37CB5-716A-4609-BFA8-B7FA138A468F}"
EndProject
Global
	GlobalSection(SolutionConfigurationPlatforms) = preSolution
		CD_ROM|Any CPU = CD_ROM|Any CPU
		CD_ROM|x86 = CD_ROM|x86
		Debug|Any CPU = Debug|Any CPU
		Debug|x86 = Debug|x86
		DVD-5|Any CPU = DVD-5|Any CPU
		DVD-5|x86 = DVD-5|x86
		Release|Any CPU = Release|Any CPU
		Release|x86 = Release|x86
		SingleImage|Any CPU = SingleImage|Any CPU
		SingleImage|x86 = SingleImage|x86
	EndGlobalSection
	GlobalSection(ProjectConfigurationPlatforms) = postSolution
		{2B565436-6347-4520-A72C-0E434A70ADE7}.CD_ROM|Any CPU.ActiveCfg = Debug|x86
		{2B565436-6347-4520-A72C-0E434A70ADE7}.CD_ROM|Any CPU.Build.0 = Debug|x86
		{2B565436-6347-4520-A72C-0E434A70ADE7}.CD_ROM|x86.ActiveCfg = Release|x86
		{2B565436-6347-4520-A72C-0E434A70ADE7}.CD_ROM|x86.Build.0 = Release|x86
		{2B565436-6347-4520-A72C-0E434A70ADE7}.Debug|Any CPU.ActiveCfg = Debug|x86
		{2B565436-6347-4520-A72C-0E434A70ADE7}.Debug|x86.ActiveCfg = Debug|x86
		{2B565436-6347-4520-A72C-0E434A70ADE7}.Debug|x86.Build.0 = Debug|x86
		{2B565436-6347-4520-A72C-0E434A70ADE7}.DVD-5|Any CPU.ActiveCfg = Debug|x86
		{2B565436-6347-4520-A72C-0E434A70ADE7}.DVD-5|Any CPU.Build.0 = Debug|x86
		{2B565436-6347-4520-A72C-0E434A70ADE7}.DVD-5|x86.ActiveCfg = Debug|x86
		{2B565436-6347-4520-A72C-0E434A70ADE7}.DVD-5|x86.Build.0 = Debug|x86
		{2B565436-6347-4520-A72C-0E434A70ADE7}.Release|Any CPU.ActiveCfg = Release|x86
		{2B565436-6347-4520-A72C-0E434A70ADE7}.Release|x86.ActiveCfg = Release|x86
		{2B565436-6347-4520-A72C-0E434A70ADE7}.Release|x86.Build.0 = Release|x86
		{2B565436-6347-4520-A72C-0E434A70ADE7}.SingleImage|Any CPU.ActiveCfg = Debug|x86
		{2B565436-6347-4520-A72C-0E434A70ADE7}.SingleImage|Any CPU.Build.0 = Debug|x86
		{2B565436-6347-4520-A72C-0E434A70ADE7}.SingleImage|x86.ActiveCfg = Release|x86
		{2B565436-6347-4520-A72C-0E434A70ADE7}.SingleImage|x86.Build.0 = Release|x86
		{C944C9EF-39DF-4B6C-BBEA-CAE5B9B5DFAD}.CD_ROM|Any CPU.ActiveCfg = CD_ROM
		{C944C9EF-39DF-4B6C-BBEA-CAE5B9B5DFAD}.CD_ROM|x86.ActiveCfg = CD_ROM
		{C944C9EF-39DF-4B6C-BBEA-CAE5B9B5DFAD}.CD_ROM|x86.Build.0 = CD_ROM
		{C944C9EF-39DF-4B6C-BBEA-CAE5B9B5DFAD}.Debug|Any CPU.ActiveCfg = DVD-5
		{C944C9EF-39DF-4B6C-BBEA-CAE5B9B5DFAD}.Debug|x86.ActiveCfg = DVD-5
		{C944C9EF-39DF-4B6C-BBEA-CAE5B9B5DFAD}.Debug|x86.Build.0 = DVD-5
		{C944C9EF-39DF-4B6C-BBEA-CAE5B9B5DFAD}.DVD-5|Any CPU.ActiveCfg = DVD-5
		{C944C9EF-39DF-4B6C-BBEA-CAE5B9B5DFAD}.DVD-5|x86.ActiveCfg = DVD-5
		{C944C9EF-39DF-4B6C-BBEA-CAE5B9B5DFAD}.DVD-5|x86.Build.0 = DVD-5
		{C944C9EF-39DF-4B6C-BBEA-CAE5B9B5DFAD}.Release|Any CPU.ActiveCfg = SingleImage
		{C944C9EF-39DF-4B6C-BBEA-CAE5B9B5DFAD}.Release|x86.ActiveCfg = SingleImage
		{C944C9EF-39DF-4B6C-BBEA-CAE5B9B5DFAD}.Release|x86.Build.0 = SingleImage
		{C944C9EF-39DF-4B6C-BBEA-CAE5B9B5DFAD}.SingleImage|Any CPU.ActiveCfg = SingleImage
		{C944C9EF-39DF-4B6C-BBEA-CAE5B9B5DFAD}.SingleImage|x86.ActiveCfg = SingleImage
		{C944C9EF-39DF-4B6C-BBEA-CAE5B9B5DFAD}.SingleImage|x86.Build.0 = SingleImage
		{8BC32EA5-B325-47D0-94E7-FD60110393C8}.CD_ROM|Any CPU.ActiveCfg = Release|Any CPU
		{8BC32EA5-B325-47D0-94E7-FD60110393C8}.CD_ROM|Any CPU.Build.0 = Release|Any CPU
		{8BC32EA5-B325-47D0-94E7-FD60110393C8}.CD_ROM|x86.ActiveCfg = Release|Any CPU
		{8BC32EA5-B325-47D0-94E7-FD60110393C8}.CD_ROM|x86.Build.0 = Release|Any CPU
		{8BC32EA5-B325-47D0-94E7-FD60110393C8}.Debug|Any CPU.ActiveCfg = Debug|Any CPU
		{8BC32EA5-B325-47D0-94E7-FD60110393C8}.Debug|Any CPU.Build.0 = Debug|Any CPU
		{8BC32EA5-B325-47D0-94E7-FD60110393C8}.Debug|x86.ActiveCfg = Debug|Any CPU
		{8BC32EA5-B325-47D0-94E7-FD60110393C8}.Debug|x86.Build.0 = Debug|Any CPU
		{8BC32EA5-B325-47D0-94E7-FD60110393C8}.DVD-5|Any CPU.ActiveCfg = Debug|Any CPU
		{8BC32EA5-B325-47D0-94E7-FD60110393C8}.DVD-5|Any CPU.Build.0 = Debug|Any CPU
		{8BC32EA5-B325-47D0-94E7-FD60110393C8}.DVD-5|x86.ActiveCfg = Debug|Any CPU
		{8BC32EA5-B325-47D0-94E7-FD60110393C8}.DVD-5|x86.Build.0 = Debug|Any CPU
		{8BC32EA5-B325-47D0-94E7-FD60110393C8}.Release|Any CPU.ActiveCfg = Release|Any CPU
		{8BC32EA5-B325-47D0-94E7-FD60110393C8}.Release|Any CPU.Build.0 = Release|Any CPU
		{8BC32EA5-B325-47D0-94E7-FD60110393C8}.Release|x86.ActiveCfg = Release|Any CPU
		{8BC32EA5-B325-47D0-94E7-FD60110393C8}.Release|x86.Build.0 = Release|Any CPU
		{8BC32EA5-B325-47D0-94E7-FD60110393C8}.SingleImage|Any CPU.ActiveCfg = Release|Any CPU
		{8BC32EA5-B325-47D0-94E7-FD60110393C8}.SingleImage|Any CPU.Build.0 = Release|Any CPU
		{8BC32EA5-B325-47D0-94E7-FD60110393C8}.SingleImage|x86.ActiveCfg = Release|Any CPU
		{8BC32EA5-B325-47D0-94E7-FD60110393C8}.SingleImage|x86.Build.0 = Release|Any CPU
		{08C37441-F971-4277-901C-315C7D8E4464}.CD_ROM|Any CPU.ActiveCfg = Release|Any CPU
		{08C37441-F971-4277-901C-315C7D8E4464}.CD_ROM|Any CPU.Build.0 = Release|Any CPU
		{08C37441-F971-4277-901C-315C7D8E4464}.CD_ROM|x86.ActiveCfg = Release|Any CPU
		{08C37441-F971-4277-901C-315C7D8E4464}.CD_ROM|x86.Build.0 = Release|Any CPU
		{08C37441-F971-4277-901C-315C7D8E4464}.Debug|Any CPU.ActiveCfg = Debug|Any CPU
		{08C37441-F971-4277-901C-315C7D8E4464}.Debug|Any CPU.Build.0 = Debug|Any CPU
		{08C37441-F971-4277-901C-315C7D8E4464}.Debug|x86.ActiveCfg = Debug|Any CPU
		{08C37441-F971-4277-901C-315C7D8E4464}.Debug|x86.Build.0 = Debug|Any CPU
		{08C37441-F971-4277-901C-315C7D8E4464}.DVD-5|Any CPU.ActiveCfg = Debug|Any CPU
		{08C37441-F971-4277-901C-315C7D8E4464}.DVD-5|Any CPU.Build.0 = Debug|Any CPU
		{08C37441-F971-4277-901C-315C7D8E4464}.DVD-5|x86.ActiveCfg = Debug|Any CPU
		{08C37441-F971-4277-901C-315C7D8E4464}.DVD-5|x86.Build.0 = Debug|Any CPU
		{08C37441-F971-4277-901C-315C7D8E4464}.Release|Any CPU.ActiveCfg = Release|Any CPU
		{08C37441-F971-4277-901C-315C7D8E4464}.Release|Any CPU.Build.0 = Release|Any CPU
		{08C37441-F971-4277-901C-315C7D8E4464}.Release|x86.ActiveCfg = Release|Any CPU
		{08C37441-F971-4277-901C-315C7D8E4464}.Release|x86.Build.0 = Release|Any CPU
		{08C37441-F971-4277-901C-315C7D8E4464}.SingleImage|Any CPU.ActiveCfg = Release|Any CPU
		{08C37441-F971-4277-901C-315C7D8E4464}.SingleImage|Any CPU.Build.0 = Release|Any CPU
		{08C37441-F971-4277-901C-315C7D8E4464}.SingleImage|x86.ActiveCfg = Release|Any CPU
		{08C37441-F971-4277-901C-315C7D8E4464}.SingleImage|x86.Build.0 = Release|Any CPU
		{28C37CB5-716A-4609-BFA8-B7FA138A468F}.CD_ROM|Any CPU.ActiveCfg = Release
		{28C37CB5-716A-4609-BFA8-B7FA138A468F}.CD_ROM|x86.ActiveCfg = Release
		{28C37CB5-716A-4609-BFA8-B7FA138A468F}.Debug|Any CPU.ActiveCfg = Debug
		{28C37CB5-716A-4609-BFA8-B7FA138A468F}.Debug|x86.ActiveCfg = Debug
		{28C37CB5-716A-4609-BFA8-B7FA138A468F}.DVD-5|Any CPU.ActiveCfg = Debug
		{28C37CB5-716A-4609-BFA8-B7FA138A468F}.DVD-5|x86.ActiveCfg = Debug
		{28C37CB5-716A-4609-BFA8-B7FA138A468F}.Release|Any CPU.ActiveCfg = Release
		{28C37CB5-716A-4609-BFA8-B7FA138A468F}.Release|x86.ActiveCfg = Release
		{28C37CB5-716A-4609-BFA8-B7FA138A468F}.SingleImage|Any CPU.ActiveCfg = Release
		{28C37CB5-716A-4609-BFA8-B7FA138A468F}.SingleImage|x86.ActiveCfg = Release
	EndGlobalSection
	GlobalSection(SolutionProperties) = preSolution
		HideSolutionNode = FALSE
	EndGlobalSection
EndGlobal
